
Microsoft Visual Studio Solution File, Format Version 12.00
# Visual Studio Version 16
VisualStudioVersion = 16.0.31727.386
MinimumVisualStudioVersion = 10.0.40219.1
Project("{9A19103F-16F7-4668-BE54-9A1E7A4F7556}") = "web3_tp_final", "web3_tp_final\web3_tp_final.csproj", "{A6CF8E38-82E1-443D-BA1D-EEFB88879F42}"
EndProject
Project("{9A19103F-16F7-4668-BE54-9A1E7A4F7556}") = "Service_Final_Rest_API", "Service_Final_Rest_API\Service_Final_Rest_API.csproj", "{2DAB7360-C278-426F-BC50-D877487A281F}"
EndProject
Global
	GlobalSection(SolutionConfigurationPlatforms) = preSolution
		Debug|Any CPU = Debug|Any CPU
		Release|Any CPU = Release|Any CPU
	EndGlobalSection
	GlobalSection(ProjectConfigurationPlatforms) = postSolution
		{A6CF8E38-82E1-443D-BA1D-EEFB88879F42}.Debug|Any CPU.ActiveCfg = Debug|Any CPU
		{A6CF8E38-82E1-443D-BA1D-EEFB88879F42}.Debug|Any CPU.Build.0 = Debug|Any CPU
		{A6CF8E38-82E1-443D-BA1D-EEFB88879F42}.Release|Any CPU.ActiveCfg = Release|Any CPU
		{A6CF8E38-82E1-443D-BA1D-EEFB88879F42}.Release|Any CPU.Build.0 = Release|Any CPU
		{2DAB7360-C278-426F-BC50-D877487A281F}.Debug|Any CPU.ActiveCfg = Debug|Any CPU
		{2DAB7360-C278-426F-BC50-D877487A281F}.Debug|Any CPU.Build.0 = Debug|Any CPU
		{2DAB7360-C278-426F-BC50-D877487A281F}.Release|Any CPU.ActiveCfg = Release|Any CPU
		{2DAB7360-C278-426F-BC50-D877487A281F}.Release|Any CPU.Build.0 = Release|Any CPU
	EndGlobalSection
	GlobalSection(SolutionProperties) = preSolution
		HideSolutionNode = FALSE
	EndGlobalSection
	GlobalSection(ExtensibilityGlobals) = postSolution
		SolutionGuid = {B343EDC1-793E-40B1-9C89-D8607642D9A4}
	EndGlobalSection
EndGlobal
